// !$*UTF8*$!
{
	archiveVersion = 1;
	classes = {
	};
	objectVersion = 50;
	objects = {

/* Begin PBXBuildFile section */
		7235FD33210A2EEE007C8513 /* uitestbase.swift in Sources */ = {isa = PBXBuildFile; fileRef = 7235FD32210A2EEE007C8513 /* uitestbase.swift */; };
		7235FD34210A304B007C8513 /* Embassy.framework in Frameworks */ = {isa = PBXBuildFile; fileRef = 7235FD2F210A2DCB007C8513 /* Embassy.framework */; };
		7235FD36210A309E007C8513 /* Ambassador.framework in Frameworks */ = {isa = PBXBuildFile; fileRef = 7235FD35210A309D007C8513 /* Ambassador.framework */; };
		72DD70752104B11B004BFA53 /* AppDelegate.swift in Sources */ = {isa = PBXBuildFile; fileRef = 72DD70742104B11B004BFA53 /* AppDelegate.swift */; };
		72DD70772104B11B004BFA53 /* ViewController.swift in Sources */ = {isa = PBXBuildFile; fileRef = 72DD70762104B11B004BFA53 /* ViewController.swift */; };
		72DD707A2104B11B004BFA53 /* Main.storyboard in Resources */ = {isa = PBXBuildFile; fileRef = 72DD70782104B11B004BFA53 /* Main.storyboard */; };
		72DD707C2104B120004BFA53 /* Assets.xcassets in Resources */ = {isa = PBXBuildFile; fileRef = 72DD707B2104B120004BFA53 /* Assets.xcassets */; };
		72DD707F2104B120004BFA53 /* LaunchScreen.storyboard in Resources */ = {isa = PBXBuildFile; fileRef = 72DD707D2104B120004BFA53 /* LaunchScreen.storyboard */; };
		72DD708A2104B120004BFA53 /* myCurrencyExchangeTests.swift in Sources */ = {isa = PBXBuildFile; fileRef = 72DD70892104B120004BFA53 /* myCurrencyExchangeTests.swift */; };
		72DD70952104B120004BFA53 /* myCurrencyExchangeUITests.swift in Sources */ = {isa = PBXBuildFile; fileRef = 72DD70942104B120004BFA53 /* myCurrencyExchangeUITests.swift */; };
		72DD70A72104EBD2004BFA53 /* Alamofire.framework in Frameworks */ = {isa = PBXBuildFile; fileRef = 72DD70A62104EBD2004BFA53 /* Alamofire.framework */; };
/* End PBXBuildFile section */

/* Begin PBXContainerItemProxy section */
		72DD70862104B120004BFA53 /* PBXContainerItemProxy */ = {
			isa = PBXContainerItemProxy;
			containerPortal = 72DD70692104B11A004BFA53 /* Project object */;
			proxyType = 1;
			remoteGlobalIDString = 72DD70702104B11B004BFA53;
			remoteInfo = myCurrencyExchange;
		};
		72DD70912104B120004BFA53 /* PBXContainerItemProxy */ = {
			isa = PBXContainerItemProxy;
			containerPortal = 72DD70692104B11A004BFA53 /* Project object */;
			proxyType = 1;
			remoteGlobalIDString = 72DD70702104B11B004BFA53;
			remoteInfo = myCurrencyExchange;
		};
/* End PBXContainerItemProxy section */

/* Begin PBXFileReference section */
		7235FD2F210A2DCB007C8513 /* Embassy.framework */ = {isa = PBXFileReference; lastKnownFileType = wrapper.framework; name = Embassy.framework; path = Carthage/Build/iOS/Embassy.framework; sourceTree = "<group>"; };
		7235FD32210A2EEE007C8513 /* uitestbase.swift */ = {isa = PBXFileReference; lastKnownFileType = sourcecode.swift; path = uitestbase.swift; sourceTree = "<group>"; };
		7235FD35210A309D007C8513 /* Ambassador.framework */ = {isa = PBXFileReference; lastKnownFileType = wrapper.framework; name = Ambassador.framework; path = Carthage/Build/iOS/Ambassador.framework; sourceTree = "<group>"; };
		72DD70712104B11B004BFA53 /* myCurrencyExchange.app */ = {isa = PBXFileReference; explicitFileType = wrapper.application; includeInIndex = 0; path = myCurrencyExchange.app; sourceTree = BUILT_PRODUCTS_DIR; };
		72DD70742104B11B004BFA53 /* AppDelegate.swift */ = {isa = PBXFileReference; lastKnownFileType = sourcecode.swift; path = AppDelegate.swift; sourceTree = "<group>"; };
		72DD70762104B11B004BFA53 /* ViewController.swift */ = {isa = PBXFileReference; lastKnownFileType = sourcecode.swift; path = ViewController.swift; sourceTree = "<group>"; };
		72DD70792104B11B004BFA53 /* Base */ = {isa = PBXFileReference; lastKnownFileType = file.storyboard; name = Base; path = Base.lproj/Main.storyboard; sourceTree = "<group>"; };
		72DD707B2104B120004BFA53 /* Assets.xcassets */ = {isa = PBXFileReference; lastKnownFileType = folder.assetcatalog; path = Assets.xcassets; sourceTree = "<group>"; };
		72DD707E2104B120004BFA53 /* Base */ = {isa = PBXFileReference; lastKnownFileType = file.storyboard; name = Base; path = Base.lproj/LaunchScreen.storyboard; sourceTree = "<group>"; };
		72DD70802104B120004BFA53 /* Info.plist */ = {isa = PBXFileReference; lastKnownFileType = text.plist.xml; path = Info.plist; sourceTree = "<group>"; };
		72DD70852104B120004BFA53 /* myCurrencyExchangeTests.xctest */ = {isa = PBXFileReference; explicitFileType = wrapper.cfbundle; includeInIndex = 0; path = myCurrencyExchangeTests.xctest; sourceTree = BUILT_PRODUCTS_DIR; };
		72DD70892104B120004BFA53 /* myCurrencyExchangeTests.swift */ = {isa = PBXFileReference; lastKnownFileType = sourcecode.swift; path = myCurrencyExchangeTests.swift; sourceTree = "<group>"; };
		72DD708B2104B120004BFA53 /* Info.plist */ = {isa = PBXFileReference; lastKnownFileType = text.plist.xml; path = Info.plist; sourceTree = "<group>"; };
		72DD70902104B120004BFA53 /* myCurrencyExchangeUITests.xctest */ = {isa = PBXFileReference; explicitFileType = wrapper.cfbundle; includeInIndex = 0; path = myCurrencyExchangeUITests.xctest; sourceTree = BUILT_PRODUCTS_DIR; };
		72DD70942104B120004BFA53 /* myCurrencyExchangeUITests.swift */ = {isa = PBXFileReference; lastKnownFileType = sourcecode.swift; path = myCurrencyExchangeUITests.swift; sourceTree = "<group>"; };
		72DD70962104B120004BFA53 /* Info.plist */ = {isa = PBXFileReference; lastKnownFileType = text.plist.xml; path = Info.plist; sourceTree = "<group>"; };
		72DD70A32104C798004BFA53 /* Siesta.framework */ = {isa = PBXFileReference; lastKnownFileType = wrapper.framework; name = Siesta.framework; path = Carthage/Build/iOS/Siesta.framework; sourceTree = "<group>"; };
		72DD70A62104EBD2004BFA53 /* Alamofire.framework */ = {isa = PBXFileReference; lastKnownFileType = wrapper.framework; name = Alamofire.framework; path = Carthage/Build/iOS/Alamofire.framework; sourceTree = "<group>"; };
/* End PBXFileReference section */

/* Begin PBXFrameworksBuildPhase section */
		72DD706E2104B11B004BFA53 /* Frameworks */ = {
			isa = PBXFrameworksBuildPhase;
			buildActionMask = 2147483647;
			files = (
				72DD70A72104EBD2004BFA53 /* Alamofire.framework in Frameworks */,
			);
			runOnlyForDeploymentPostprocessing = 0;
		};
		72DD70822104B120004BFA53 /* Frameworks */ = {
			isa = PBXFrameworksBuildPhase;
			buildActionMask = 2147483647;
			files = (
			);
			runOnlyForDeploymentPostprocessing = 0;
		};
		72DD708D2104B120004BFA53 /* Frameworks */ = {
			isa = PBXFrameworksBuildPhase;
			buildActionMask = 2147483647;
			files = (
				7235FD34210A304B007C8513 /* Embassy.framework in Frameworks */,
				7235FD36210A309E007C8513 /* Ambassador.framework in Frameworks */,
			);
			runOnlyForDeploymentPostprocessing = 0;
		};
/* End PBXFrameworksBuildPhase section */

/* Begin PBXGroup section */
		72DD70682104B11A004BFA53 = {
			isa = PBXGroup;
			children = (
				72DD70732104B11B004BFA53 /* myCurrencyExchange */,
				72DD70882104B120004BFA53 /* myCurrencyExchangeTests */,
				72DD70932104B120004BFA53 /* myCurrencyExchangeUITests */,
				72DD70722104B11B004BFA53 /* Products */,
				72DD70A22104C798004BFA53 /* Frameworks */,
			);
			sourceTree = "<group>";
		};
		72DD70722104B11B004BFA53 /* Products */ = {
			isa = PBXGroup;
			children = (
				72DD70712104B11B004BFA53 /* myCurrencyExchange.app */,
				72DD70852104B120004BFA53 /* myCurrencyExchangeTests.xctest */,
				72DD70902104B120004BFA53 /* myCurrencyExchangeUITests.xctest */,
			);
			name = Products;
			sourceTree = "<group>";
		};
		72DD70732104B11B004BFA53 /* myCurrencyExchange */ = {
			isa = PBXGroup;
			children = (
				72DD70742104B11B004BFA53 /* AppDelegate.swift */,
				72DD70762104B11B004BFA53 /* ViewController.swift */,
				72DD70782104B11B004BFA53 /* Main.storyboard */,
				72DD707B2104B120004BFA53 /* Assets.xcassets */,
				72DD707D2104B120004BFA53 /* LaunchScreen.storyboard */,
				72DD70802104B120004BFA53 /* Info.plist */,
			);
			path = myCurrencyExchange;
			sourceTree = "<group>";
		};
		72DD70882104B120004BFA53 /* myCurrencyExchangeTests */ = {
			isa = PBXGroup;
			children = (
				72DD70892104B120004BFA53 /* myCurrencyExchangeTests.swift */,
				72DD708B2104B120004BFA53 /* Info.plist */,
			);
			path = myCurrencyExchangeTests;
			sourceTree = "<group>";
		};
		72DD70932104B120004BFA53 /* myCurrencyExchangeUITests */ = {
			isa = PBXGroup;
			children = (
				72DD70942104B120004BFA53 /* myCurrencyExchangeUITests.swift */,
				72DD70962104B120004BFA53 /* Info.plist */,
				7235FD32210A2EEE007C8513 /* uitestbase.swift */,
			);
			path = myCurrencyExchangeUITests;
			sourceTree = "<group>";
		};
		72DD70A22104C798004BFA53 /* Frameworks */ = {
			isa = PBXGroup;
			children = (
				7235FD35210A309D007C8513 /* Ambassador.framework */,
				7235FD2F210A2DCB007C8513 /* Embassy.framework */,
				72DD70A62104EBD2004BFA53 /* Alamofire.framework */,
				72DD70A32104C798004BFA53 /* Siesta.framework */,
			);
			name = Frameworks;
			sourceTree = "<group>";
		};
/* End PBXGroup section */

/* Begin PBXNativeTarget section */
		72DD70702104B11B004BFA53 /* myCurrencyExchange */ = {
			isa = PBXNativeTarget;
			buildConfigurationList = 72DD70992104B120004BFA53 /* Build configuration list for PBXNativeTarget "myCurrencyExchange" */;
			buildPhases = (
				72DD706D2104B11B004BFA53 /* Sources */,
				72DD706E2104B11B004BFA53 /* Frameworks */,
				72DD706F2104B11B004BFA53 /* Resources */,
				72DD70A52104C7A1004BFA53 /* Run Script */,
			);
			buildRules = (
			);
			dependencies = (
			);
			name = myCurrencyExchange;
			productName = myCurrencyExchange;
			productReference = 72DD70712104B11B004BFA53 /* myCurrencyExchange.app */;
			productType = "com.apple.product-type.application";
		};
		72DD70842104B120004BFA53 /* myCurrencyExchangeTests */ = {
			isa = PBXNativeTarget;
			buildConfigurationList = 72DD709C2104B120004BFA53 /* Build configuration list for PBXNativeTarget "myCurrencyExchangeTests" */;
			buildPhases = (
				72DD70812104B120004BFA53 /* Sources */,
				72DD70822104B120004BFA53 /* Frameworks */,
				72DD70832104B120004BFA53 /* Resources */,
			);
			buildRules = (
			);
			dependencies = (
				72DD70872104B120004BFA53 /* PBXTargetDependency */,
			);
			name = myCurrencyExchangeTests;
			productName = myCurrencyExchangeTests;
			productReference = 72DD70852104B120004BFA53 /* myCurrencyExchangeTests.xctest */;
			productType = "com.apple.product-type.bundle.unit-test";
		};
		72DD708F2104B120004BFA53 /* myCurrencyExchangeUITests */ = {
			isa = PBXNativeTarget;
			buildConfigurationList = 72DD709F2104B120004BFA53 /* Build configuration list for PBXNativeTarget "myCurrencyExchangeUITests" */;
			buildPhases = (
				72DD708C2104B120004BFA53 /* Sources */,
				72DD708D2104B120004BFA53 /* Frameworks */,
				72DD708E2104B120004BFA53 /* Resources */,
				7235FD31210A2E00007C8513 /* ShellScript */,
			);
			buildRules = (
			);
			dependencies = (
				72DD70922104B120004BFA53 /* PBXTargetDependency */,
			);
			name = myCurrencyExchangeUITests;
			productName = myCurrencyExchangeUITests;
			productReference = 72DD70902104B120004BFA53 /* myCurrencyExchangeUITests.xctest */;
			productType = "com.apple.product-type.bundle.ui-testing";
		};
/* End PBXNativeTarget section */

/* Begin PBXProject section */
		72DD70692104B11A004BFA53 /* Project object */ = {
			isa = PBXProject;
			attributes = {
				LastSwiftUpdateCheck = 0940;
				LastUpgradeCheck = 0940;
				ORGANIZATIONNAME = KazuCocoa;
				TargetAttributes = {
					72DD70702104B11B004BFA53 = {
						CreatedOnToolsVersion = 9.4.1;
					};
					72DD70842104B120004BFA53 = {
						CreatedOnToolsVersion = 9.4.1;
						TestTargetID = 72DD70702104B11B004BFA53;
					};
					72DD708F2104B120004BFA53 = {
						CreatedOnToolsVersion = 9.4.1;
						TestTargetID = 72DD70702104B11B004BFA53;
					};
				};
			};
			buildConfigurationList = 72DD706C2104B11A004BFA53 /* Build configuration list for PBXProject "myCurrencyExchange" */;
			compatibilityVersion = "Xcode 9.3";
			developmentRegion = en;
			hasScannedForEncodings = 0;
			knownRegions = (
				en,
				Base,
			);
			mainGroup = 72DD70682104B11A004BFA53;
			productRefGroup = 72DD70722104B11B004BFA53 /* Products */;
			projectDirPath = "";
			projectRoot = "";
			targets = (
				72DD70702104B11B004BFA53 /* myCurrencyExchange */,
				72DD70842104B120004BFA53 /* myCurrencyExchangeTests */,
				72DD708F2104B120004BFA53 /* myCurrencyExchangeUITests */,
			);
		};
/* End PBXProject section */

/* Begin PBXResourcesBuildPhase section */
		72DD706F2104B11B004BFA53 /* Resources */ = {
			isa = PBXResourcesBuildPhase;
			buildActionMask = 2147483647;
			files = (
				72DD707F2104B120004BFA53 /* LaunchScreen.storyboard in Resources */,
				72DD707C2104B120004BFA53 /* Assets.xcassets in Resources */,
				72DD707A2104B11B004BFA53 /* Main.storyboard in Resources */,
			);
			runOnlyForDeploymentPostprocessing = 0;
		};
		72DD70832104B120004BFA53 /* Resources */ = {
			isa = PBXResourcesBuildPhase;
			buildActionMask = 2147483647;
			files = (
			);
			runOnlyForDeploymentPostprocessing = 0;
		};
		72DD708E2104B120004BFA53 /* Resources */ = {
			isa = PBXResourcesBuildPhase;
			buildActionMask = 2147483647;
			files = (
			);
			runOnlyForDeploymentPostprocessing = 0;
		};
/* End PBXResourcesBuildPhase section */

/* Begin PBXShellScriptBuildPhase section */
		7235FD31210A2E00007C8513 /* ShellScript */ = {
			isa = PBXShellScriptBuildPhase;
			buildActionMask = 2147483647;
			files = (
			);
			inputPaths = (
				"$(SRCROOT)/Carthage/Build/iOS/Embassy.framework",
				"$(SRCROOT)/Carthage/Build/iOS/Ambassador.framework",
			);
			outputPaths = (
				"$(BUILT_PRODUCTS_DIR)/$(FRAMEWORKS_FOLDER_PATH)/Embassy.framework",
				"$(BUILT_PRODUCTS_DIR)/$(FRAMEWORKS_FOLDER_PATH)/Ambassador.framework",
			);
			runOnlyForDeploymentPostprocessing = 0;
			shellPath = /bin/sh;
			shellScript = "/usr/local/bin/carthage copy-frameworks";
		};
		72DD70A52104C7A1004BFA53 /* Run Script */ = {
			isa = PBXShellScriptBuildPhase;
			buildActionMask = 2147483647;
			files = (
			);
			inputPaths = (
				"$(SRCROOT)/Carthage/Build/iOS/Alamofire.framework",
			);
			name = "Run Script";
			outputPaths = (
				"$(BUILT_PRODUCTS_DIR)/$(FRAMEWORKS_FOLDER_PATH)/Alamofire.framework",
			);
			runOnlyForDeploymentPostprocessing = 0;
			shellPath = /bin/sh;
			shellScript = "/usr/local/bin/carthage copy-frameworks";
		};
/* End PBXShellScriptBuildPhase section */

/* Begin PBXSourcesBuildPhase section */
		72DD706D2104B11B004BFA53 /* Sources */ = {
			isa = PBXSourcesBuildPhase;
			buildActionMask = 2147483647;
			files = (
				72DD70772104B11B004BFA53 /* ViewController.swift in Sources */,
				72DD70752104B11B004BFA53 /* AppDelegate.swift in Sources */,
			);
			runOnlyForDeploymentPostprocessing = 0;
		};
		72DD70812104B120004BFA53 /* Sources */ = {
			isa = PBXSourcesBuildPhase;
			buildActionMask = 2147483647;
			files = (
				72DD708A2104B120004BFA53 /* myCurrencyExchangeTests.swift in Sources */,
			);
			runOnlyForDeploymentPostprocessing = 0;
		};
		72DD708C2104B120004BFA53 /* Sources */ = {
			isa = PBXSourcesBuildPhase;
			buildActionMask = 2147483647;
			files = (
				7235FD33210A2EEE007C8513 /* uitestbase.swift in Sources */,
				72DD70952104B120004BFA53 /* myCurrencyExchangeUITests.swift in Sources */,
			);
			runOnlyForDeploymentPostprocessing = 0;
		};
/* End PBXSourcesBuildPhase section */

/* Begin PBXTargetDependency section */
		72DD70872104B120004BFA53 /* PBXTargetDependency */ = {
			isa = PBXTargetDependency;
			target = 72DD70702104B11B004BFA53 /* myCurrencyExchange */;
			targetProxy = 72DD70862104B120004BFA53 /* PBXContainerItemProxy */;
		};
		72DD70922104B120004BFA53 /* PBXTargetDependency */ = {
			isa = PBXTargetDependency;
			target = 72DD70702104B11B004BFA53 /* myCurrencyExchange */;
			targetProxy = 72DD70912104B120004BFA53 /* PBXContainerItemProxy */;
		};
/* End PBXTargetDependency section */

/* Begin PBXVariantGroup section */
		72DD70782104B11B004BFA53 /* Main.storyboard */ = {
			isa = PBXVariantGroup;
			children = (
				72DD70792104B11B004BFA53 /* Base */,
			);
			name = Main.storyboard;
			sourceTree = "<group>";
		};
		72DD707D2104B120004BFA53 /* LaunchScreen.storyboard */ = {
			isa = PBXVariantGroup;
			children = (
				72DD707E2104B120004BFA53 /* Base */,
			);
			name = LaunchScreen.storyboard;
			sourceTree = "<group>";
		};
/* End PBXVariantGroup section */

/* Begin XCBuildConfiguration section */
		72DD70972104B120004BFA53 /* Debug */ = {
			isa = XCBuildConfiguration;
			buildSettings = {
				ALWAYS_SEARCH_USER_PATHS = NO;
				CLANG_ANALYZER_NONNULL = YES;
				CLANG_ANALYZER_NUMBER_OBJECT_CONVERSION = YES_AGGRESSIVE;
				CLANG_CXX_LANGUAGE_STANDARD = "gnu++14";
				CLANG_CXX_LIBRARY = "libc++";
				CLANG_ENABLE_MODULES = YES;
				CLANG_ENABLE_OBJC_ARC = YES;
				CLANG_ENABLE_OBJC_WEAK = YES;
				CLANG_WARN_BLOCK_CAPTURE_AUTORELEASING = YES;
				CLANG_WARN_BOOL_CONVERSION = YES;
				CLANG_WARN_COMMA = YES;
				CLANG_WARN_CONSTANT_CONVERSION = YES;
				CLANG_WARN_DEPRECATED_OBJC_IMPLEMENTATIONS = YES;
				CLANG_WARN_DIRECT_OBJC_ISA_USAGE = YES_ERROR;
				CLANG_WARN_DOCUMENTATION_COMMENTS = YES;
				CLANG_WARN_EMPTY_BODY = YES;
				CLANG_WARN_ENUM_CONVERSION = YES;
				CLANG_WARN_INFINITE_RECURSION = YES;
				CLANG_WARN_INT_CONVERSION = YES;
				CLANG_WARN_NON_LITERAL_NULL_CONVERSION = YES;
				CLANG_WARN_OBJC_IMPLICIT_RETAIN_SELF = YES;
				CLANG_WARN_OBJC_LITERAL_CONVERSION = YES;
				CLANG_WARN_OBJC_ROOT_CLASS = YES_ERROR;
				CLANG_WARN_RANGE_LOOP_ANALYSIS = YES;
				CLANG_WARN_STRICT_PROTOTYPES = YES;
				CLANG_WARN_SUSPICIOUS_MOVE = YES;
				CLANG_WARN_UNGUARDED_AVAILABILITY = YES_AGGRESSIVE;
				CLANG_WARN_UNREACHABLE_CODE = YES;
				CLANG_WARN__DUPLICATE_METHOD_MATCH = YES;
				CODE_SIGN_IDENTITY = "iPhone Developer";
				COPY_PHASE_STRIP = NO;
				DEBUG_INFORMATION_FORMAT = dwarf;
				ENABLE_STRICT_OBJC_MSGSEND = YES;
				ENABLE_TESTABILITY = YES;
				GCC_C_LANGUAGE_STANDARD = gnu11;
				GCC_DYNAMIC_NO_PIC = NO;
				GCC_NO_COMMON_BLOCKS = YES;
				GCC_OPTIMIZATION_LEVEL = 0;
				GCC_PREPROCESSOR_DEFINITIONS = (
					"DEBUG=1",
					"$(inherited)",
				);
				GCC_WARN_64_TO_32_BIT_CONVERSION = YES;
				GCC_WARN_ABOUT_RETURN_TYPE = YES_ERROR;
				GCC_WARN_UNDECLARED_SELECTOR = YES;
				GCC_WARN_UNINITIALIZED_AUTOS = YES_AGGRESSIVE;
				GCC_WARN_UNUSED_FUNCTION = YES;
				GCC_WARN_UNUSED_VARIABLE = YES;
				IPHONEOS_DEPLOYMENT_TARGET = 11.4;
				MTL_ENABLE_DEBUG_INFO = YES;
				ONLY_ACTIVE_ARCH = YES;
				SDKROOT = iphoneos;
				SWIFT_ACTIVE_COMPILATION_CONDITIONS = DEBUG;
				SWIFT_OPTIMIZATION_LEVEL = "-Onone";
			};
			name = Debug;
		};
		72DD70982104B120004BFA53 /* Release */ = {
			isa = XCBuildConfiguration;
			buildSettings = {
				ALWAYS_SEARCH_USER_PATHS = NO;
				CLANG_ANALYZER_NONNULL = YES;
				CLANG_ANALYZER_NUMBER_OBJECT_CONVERSION = YES_AGGRESSIVE;
				CLANG_CXX_LANGUAGE_STANDARD = "gnu++14";
				CLANG_CXX_LIBRARY = "libc++";
				CLANG_ENABLE_MODULES = YES;
				CLANG_ENABLE_OBJC_ARC = YES;
				CLANG_ENABLE_OBJC_WEAK = YES;
				CLANG_WARN_BLOCK_CAPTURE_AUTORELEASING = YES;
				CLANG_WARN_BOOL_CONVERSION = YES;
				CLANG_WARN_COMMA = YES;
				CLANG_WARN_CONSTANT_CONVERSION = YES;
				CLANG_WARN_DEPRECATED_OBJC_IMPLEMENTATIONS = YES;
				CLANG_WARN_DIRECT_OBJC_ISA_USAGE = YES_ERROR;
				CLANG_WARN_DOCUMENTATION_COMMENTS = YES;
				CLANG_WARN_EMPTY_BODY = YES;
				CLANG_WARN_ENUM_CONVERSION = YES;
				CLANG_WARN_INFINITE_RECURSION = YES;
				CLANG_WARN_INT_CONVERSION = YES;
				CLANG_WARN_NON_LITERAL_NULL_CONVERSION = YES;
				CLANG_WARN_OBJC_IMPLICIT_RETAIN_SELF = YES;
				CLANG_WARN_OBJC_LITERAL_CONVERSION = YES;
				CLANG_WARN_OBJC_ROOT_CLASS = YES_ERROR;
				CLANG_WARN_RANGE_LOOP_ANALYSIS = YES;
				CLANG_WARN_STRICT_PROTOTYPES = YES;
				CLANG_WARN_SUSPICIOUS_MOVE = YES;
				CLANG_WARN_UNGUARDED_AVAILABILITY = YES_AGGRESSIVE;
				CLANG_WARN_UNREACHABLE_CODE = YES;
				CLANG_WARN__DUPLICATE_METHOD_MATCH = YES;
				CODE_SIGN_IDENTITY = "iPhone Developer";
				COPY_PHASE_STRIP = NO;
				DEBUG_INFORMATION_FORMAT = "dwarf-with-dsym";
				ENABLE_NS_ASSERTIONS = NO;
				ENABLE_STRICT_OBJC_MSGSEND = YES;
				GCC_C_LANGUAGE_STANDARD = gnu11;
				GCC_NO_COMMON_BLOCKS = YES;
				GCC_WARN_64_TO_32_BIT_CONVERSION = YES;
				GCC_WARN_ABOUT_RETURN_TYPE = YES_ERROR;
				GCC_WARN_UNDECLARED_SELECTOR = YES;
				GCC_WARN_UNINITIALIZED_AUTOS = YES_AGGRESSIVE;
				GCC_WARN_UNUSED_FUNCTION = YES;
				GCC_WARN_UNUSED_VARIABLE = YES;
				IPHONEOS_DEPLOYMENT_TARGET = 11.4;
				MTL_ENABLE_DEBUG_INFO = NO;
				SDKROOT = iphoneos;
				SWIFT_COMPILATION_MODE = wholemodule;
				SWIFT_OPTIMIZATION_LEVEL = "-O";
				VALIDATE_PRODUCT = YES;
			};
			name = Release;
		};
		72DD709A2104B120004BFA53 /* Debug */ = {
			isa = XCBuildConfiguration;
			buildSettings = {
				ASSETCATALOG_COMPILER_APPICON_NAME = AppIcon;
				CODE_SIGN_STYLE = Automatic;
				DEVELOPMENT_TEAM = 47PCFA586Q;
				FRAMEWORK_SEARCH_PATHS = (
					"$(inherited)",
					"$(PROJECT_DIR)/Carthage/Build/iOS",
				);
				INFOPLIST_FILE = myCurrencyExchange/Info.plist;
				LD_RUNPATH_SEARCH_PATHS = (
					"$(inherited)",
					"@executable_path/Frameworks",
				);
				PRODUCT_BUNDLE_IDENTIFIER = com.kazucocoa.myCurrencyExchange;
				PRODUCT_NAME = "$(TARGET_NAME)";
				SWIFT_VERSION = 4.0;
				TARGETED_DEVICE_FAMILY = "1,2";
			};
			name = Debug;
		};
		72DD709B2104B120004BFA53 /* Release */ = {
			isa = XCBuildConfiguration;
			buildSettings = {
				ASSETCATALOG_COMPILER_APPICON_NAME = AppIcon;
				CODE_SIGN_STYLE = Automatic;
				DEVELOPMENT_TEAM = 47PCFA586Q;
				FRAMEWORK_SEARCH_PATHS = (
					"$(inherited)",
					"$(PROJECT_DIR)/Carthage/Build/iOS",
				);
				INFOPLIST_FILE = myCurrencyExchange/Info.plist;
				LD_RUNPATH_SEARCH_PATHS = (
					"$(inherited)",
					"@executable_path/Frameworks",
				);
				PRODUCT_BUNDLE_IDENTIFIER = com.kazucocoa.myCurrencyExchange;
				PRODUCT_NAME = "$(TARGET_NAME)";
				SWIFT_VERSION = 4.0;
				TARGETED_DEVICE_FAMILY = "1,2";
			};
			name = Release;
		};
		72DD709D2104B120004BFA53 /* Debug */ = {
			isa = XCBuildConfiguration;
			buildSettings = {
				ALWAYS_EMBED_SWIFT_STANDARD_LIBRARIES = YES;
				BUNDLE_LOADER = "$(TEST_HOST)";
				CODE_SIGN_STYLE = Automatic;
				DEVELOPMENT_TEAM = 47PCFA586Q;
				INFOPLIST_FILE = myCurrencyExchangeTests/Info.plist;
				LD_RUNPATH_SEARCH_PATHS = (
					"$(inherited)",
					"@executable_path/Frameworks",
					"@loader_path/Frameworks",
				);
				PRODUCT_BUNDLE_IDENTIFIER = com.kazucocoa.myCurrencyExchangeTests;
				PRODUCT_NAME = "$(TARGET_NAME)";
				SWIFT_VERSION = 4.0;
				TARGETED_DEVICE_FAMILY = "1,2";
				TEST_HOST = "$(BUILT_PRODUCTS_DIR)/myCurrencyExchange.app/myCurrencyExchange";
			};
			name = Debug;
		};
		72DD709E2104B120004BFA53 /* Release */ = {
			isa = XCBuildConfiguration;
			buildSettings = {
				ALWAYS_EMBED_SWIFT_STANDARD_LIBRARIES = YES;
				BUNDLE_LOADER = "$(TEST_HOST)";
				CODE_SIGN_STYLE = Automatic;
				DEVELOPMENT_TEAM = 47PCFA586Q;
				INFOPLIST_FILE = myCurrencyExchangeTests/Info.plist;
				LD_RUNPATH_SEARCH_PATHS = (
					"$(inherited)",
					"@executable_path/Frameworks",
					"@loader_path/Frameworks",
				);
				PRODUCT_BUNDLE_IDENTIFIER = com.kazucocoa.myCurrencyExchangeTests;
				PRODUCT_NAME = "$(TARGET_NAME)";
				SWIFT_VERSION = 4.0;
				TARGETED_DEVICE_FAMILY = "1,2";
				TEST_HOST = "$(BUILT_PRODUCTS_DIR)/myCurrencyExchange.app/myCurrencyExchange";
			};
			name = Release;
		};
		72DD70A02104B120004BFA53 /* Debug */ = {
			isa = XCBuildConfiguration;
			buildSettings = {
				ALWAYS_EMBED_SWIFT_STANDARD_LIBRARIES = YES;
				CODE_SIGN_STYLE = Automatic;
				DEVELOPMENT_TEAM = 47PCFA586Q;
				FRAMEWORK_SEARCH_PATHS = (
					"$(inherited)",
					"$(PROJECT_DIR)/Carthage/Build/iOS",
				);
				INFOPLIST_FILE = myCurrencyExchangeUITests/Info.plist;
				LD_RUNPATH_SEARCH_PATHS = (
					"$(inherited)",
					"@executable_path/Frameworks",
					"@loader_path/Frameworks",
				);
				PRODUCT_BUNDLE_IDENTIFIER = com.kazucocoa.myCurrencyExchangeUITests;
				PRODUCT_NAME = "$(TARGET_NAME)";
				SWIFT_VERSION = 4.0;
				TARGETED_DEVICE_FAMILY = "1,2";
				TEST_TARGET_NAME = myCurrencyExchange;
			};
			name = Debug;
		};
		72DD70A12104B120004BFA53 /* Release */ = {
			isa = XCBuildConfiguration;
			buildSettings = {
				ALWAYS_EMBED_SWIFT_STANDARD_LIBRARIES = YES;
				CODE_SIGN_STYLE = Automatic;
				DEVELOPMENT_TEAM = 47PCFA586Q;
				FRAMEWORK_SEARCH_PATHS = (
					"$(inherited)",
					"$(PROJECT_DIR)/Carthage/Build/iOS",
				);
				INFOPLIST_FILE = myCurrencyExchangeUITests/Info.plist;
				LD_RUNPATH_SEARCH_PATHS = (
					"$(inherited)",
					"@executable_path/Frameworks",
					"@loader_path/Frameworks",
				);
				PRODUCT_BUNDLE_IDENTIFIER = com.kazucocoa.myCurrencyExchangeUITests;
				PRODUCT_NAME = "$(TARGET_NAME)";
				SWIFT_VERSION = 4.0;
				TARGETED_DEVICE_FAMILY = "1,2";
				TEST_TARGET_NAME = myCurrencyExchange;
			};
			name = Release;
		};
/* End XCBuildConfiguration section */

/* Begin XCConfigurationList section */
		72DD706C2104B11A004BFA53 /* Build configuration list for PBXProject "myCurrencyExchange" */ = {
			isa = XCConfigurationList;
			buildConfigurations = (
				72DD70972104B120004BFA53 /* Debug */,
				72DD70982104B120004BFA53 /* Release */,
			);
			defaultConfigurationIsVisible = 0;
			defaultConfigurationName = Release;
		};
		72DD70992104B120004BFA53 /* Build configuration list for PBXNativeTarget "myCurrencyExchange" */ = {
			isa = XCConfigurationList;
			buildConfigurations = (
				72DD709A2104B120004BFA53 /* Debug */,
				72DD709B2104B120004BFA53 /* Release */,
			);
			defaultConfigurationIsVisible = 0;
			defaultConfigurationName = Release;
		};
		72DD709C2104B120004BFA53 /* Build configuration list for PBXNativeTarget "myCurrencyExchangeTests" */ = {
			isa = XCConfigurationList;
			buildConfigurations = (
				72DD709D2104B120004BFA53 /* Debug */,
				72DD709E2104B120004BFA53 /* Release */,
			);
			defaultConfigurationIsVisible = 0;
			defaultConfigurationName = Release;
		};
		72DD709F2104B120004BFA53 /* Build configuration list for PBXNativeTarget "myCurrencyExchangeUITests" */ = {
			isa = XCConfigurationList;
			buildConfigurations = (
				72DD70A02104B120004BFA53 /* Debug */,
				72DD70A12104B120004BFA53 /* Release */,
			);
			defaultConfigurationIsVisible = 0;
			defaultConfigurationName = Release;
		};
/* End XCConfigurationList section */
	};
	rootObject = 72DD70692104B11A004BFA53 /* Project object */;
}
